<?xml version="1.0" encoding="utf-8"?>
<Project ToolsVersion="4.0" xmlns="http://schemas.microsoft.com/developer/msbuild/2003">
  <ItemGroup>
    <Filter Include="소스 파일">
      <UniqueIdentifier>{4FC737F1-C7A5-4376-A066-2A32D752A2FF}</UniqueIdentifier>
      <Extensions>cpp;c;cc;cxx;c++;cppm;ixx;def;odl;idl;hpj;bat;asm;asmx</Extensions>
    </Filter>
    <Filter Include="헤더 파일">
      <UniqueIdentifier>{93995380-89BD-4b04-88EB-625FBE52EBFB}</UniqueIdentifier>
      <Extensions>h;hh;hpp;hxx;h++;hm;inl;inc;ipp;xsd</Extensions>
    </Filter>
    <Filter Include="Graphic">
      <UniqueIdentifier>{7d41255b-3e47-4292-aee6-8e85e9d43d22}</UniqueIdentifier>
    </Filter>
    <Filter Include="Shader">
      <UniqueIdentifier>{786c279f-49e6-4c4a-8a65-7138d7793e37}</UniqueIdentifier>
    </Filter>
  </ItemGroup>
  <ItemGroup>
    <ClInclude Include="App.h">
      <Filter>헤더 파일</Filter>
    </ClInclude>
    <ClInclude Include="..\Common\Source\GameTimer.h">
      <Filter>헤더 파일</Filter>
    </ClInclude>
    <ClInclude Include="..\Common\Source\CGHUtil.h">
      <Filter>헤더 파일</Filter>
    </ClInclude>
    <ClInclude Include="..\Common\Source\DxException.h">
      <Filter>헤더 파일</Filter>
    </ClInclude>
    <ClInclude Include="Camera.h">
      <Filter>헤더 파일</Filter>
    </ClInclude>
    <ClInclude Include="Component.h">
      <Filter>헤더 파일</Filter>
    </ClInclude>
    <ClInclude Include="..\Common\Source\DX12SwapChain.h">
      <Filter>Graphic</Filter>
    </ClInclude>
    <ClInclude Include="DX12PipelineMG.h">
      <Filter>Graphic</Filter>
    </ClInclude>
    <ClInclude Include="..\Common\Source\d3dx12.h">
      <Filter>Graphic</Filter>
    </ClInclude>
    <ClInclude Include="DX12UploadBuffer.h">
      <Filter>Graphic</Filter>
    </ClInclude>
    <ClInclude Include="GraphicDeivceDX12.h">
      <Filter>Graphic</Filter>
    </ClInclude>
    <ClInclude Include="GraphicResourceLoader.h">
      <Filter>Graphic</Filter>
    </ClInclude>
    <ClInclude Include="CGHGraphicResource.h">
      <Filter>Graphic</Filter>
    </ClInclude>
    <ClInclude Include="CGHBaseClass.h">
      <Filter>헤더 파일</Filter>
    </ClInclude>
    <ClInclude Include="TestScene.h">
      <Filter>헤더 파일</Filter>
    </ClInclude>
    <ClInclude Include="DX12TextureBuffer.h">
      <Filter>Graphic</Filter>
    </ClInclude>
    <ClInclude Include="DX12DefaultBufferCreator.h">
      <Filter>Graphic</Filter>
    </ClInclude>
    <ClInclude Include="DX12GarbageFrameResourceMG.h">
      <Filter>Graphic</Filter>
    </ClInclude>
    <ClInclude Include="DX12PSODefine.h">
      <Filter>헤더 파일</Filter>
    </ClInclude>
    <ClInclude Include="DX12GraphicResourceManager.h">
      <Filter>Graphic</Filter>
    </ClInclude>
    <ClInclude Include="Xml.h">
      <Filter>헤더 파일</Filter>
    </ClInclude>
    <ClInclude Include="BaseComponents.h">
      <Filter>헤더 파일</Filter>
    </ClInclude>
    <ClInclude Include="LightComponents.h">
      <Filter>헤더 파일</Filter>
    </ClInclude>
  </ItemGroup>
  <ItemGroup>
    <ClCompile Include="App.cpp">
      <Filter>소스 파일</Filter>
    </ClCompile>
    <ClCompile Include="..\Common\Source\GameTimer.cpp">
      <Filter>소스 파일</Filter>
    </ClCompile>
    <ClCompile Include="..\Common\Source\DxException.cpp">
      <Filter>소스 파일</Filter>
    </ClCompile>
    <ClCompile Include="Camera.cpp">
      <Filter>소스 파일</Filter>
    </ClCompile>
    <ClCompile Include="CGHBaseClass.cpp">
      <Filter>소스 파일</Filter>
    </ClCompile>
    <ClCompile Include="..\Common\Source\DX12SwapChain.cpp">
      <Filter>Graphic</Filter>
    </ClCompile>
    <ClCompile Include="DX12PipelineMG.cpp">
      <Filter>Graphic</Filter>
    </ClCompile>
    <ClCompile Include="GraphicDeivceDX12.cpp">
      <Filter>Graphic</Filter>
    </ClCompile>
    <ClCompile Include="GraphicResourceLoader.cpp">
      <Filter>Graphic</Filter>
    </ClCompile>
    <ClCompile Include="TestScene.cpp">
      <Filter>소스 파일</Filter>
    </ClCompile>
    <ClCompile Include="DX12TextureBuffer.cpp">
      <Filter>Graphic</Filter>
    </ClCompile>
    <ClCompile Include="DX12DefaultBufferCreator.cpp">
      <Filter>Graphic</Filter>
    </ClCompile>
    <ClCompile Include="DX12GarbageFrameResourceMG.cpp">
      <Filter>Graphic</Filter>
    </ClCompile>
    <ClCompile Include="CGHGraphicResource.cpp">
      <Filter>소스 파일</Filter>
    </ClCompile>
    <ClCompile Include="DX12GraphicResourceManager.cpp">
      <Filter>Graphic</Filter>
    </ClCompile>
    <ClCompile Include="Xml.cpp">
      <Filter>소스 파일</Filter>
    </ClCompile>
    <ClCompile Include="BaseComponents.cpp">
      <Filter>소스 파일</Filter>
    </ClCompile>
  </ItemGroup>
  <ItemGroup>
    <None Include="packages.config" />
    <None Include="Shader\MaterialRegister.hlsli">
      <Filter>Shader</Filter>
    </None>
    <None Include="Shader\RenderBaseRegister.hlsli">
      <Filter>Shader</Filter>
    </None>
    <None Include="Shader\DeferredRenderBase.hlsli">
      <Filter>Shader</Filter>
    </None>
  </ItemGroup>
  <ItemGroup>
    <FxCompile Include="Shader\skinnedMeshShader.hlsl">
      <Filter>Shader</Filter>
    </FxCompile>
    <FxCompile Include="fontShader.hlsl">
      <Filter>Shader</Filter>
    </FxCompile>
    <FxCompile Include="Shader\DeferredLightDir.hlsl">
      <Filter>Shader</Filter>
    </FxCompile>
  </ItemGroup>
</Project>